<?xml version="1.0" encoding="UTF-8" standalone="yes" ?>
<CodeBlocks_project_file>
	<FileVersion major="1" minor="6" />
	<Project>
		<Option title="loader" />
		<Option pch_mode="2" />
		<Option compiler="gcc" />
		<Build>
			<Target title="Debug">
				<Option output="bin/Debug/loader" prefix_auto="1" extension_auto="1" />
				<Option object_output="obj/Debug/" />
				<Option type="1" />
				<Option compiler="gcc" />
				<Compiler>
					<Add option="-g" />
				</Compiler>
			</Target>
			<Target title="Release">
				<Option output="bin/Release/loader" prefix_auto="1" extension_auto="1" />
				<Option object_output="obj/Release/" />
				<Option type="1" />
				<Option compiler="gcc" />
				<Compiler>
					<Add option="-O2" />
				</Compiler>
				<Linker>
					<Add option="-s" />
				</Linker>
			</Target>
		</Build>
		<Compiler>
			<Add option="-Wall" />
		</Compiler>
		<Unit filename="BallPhysics.c">
			<Option compilerVar="CC" />
		</Unit>
		<Unit filename="BallPhysics.h" />
		<Unit filename="Bool.h" />
		<Unit filename="Collision.c">
			<Option compilerVar="CC" />
		</Unit>
		<Unit filename="Collision.h" />
		<Unit filename="ConsoleIO.c">
			<Option compilerVar="CC" />
		</Unit>
		<Unit filename="ConsoleIO.h" />
		<Unit filename="Constants.c">
			<Option compilerVar="CC" />
		</Unit>
		<Unit filename="Constants.h" />
		<Unit filename="Input.c">
			<Option compilerVar="CC" />
		</Unit>
		<Unit filename="Input.h" />
		<Unit filename="ObjectRendering.c">
			<Option compilerVar="CC" />
		</Unit>
		<Unit filename="ObjectRendering.h" />
		<Unit filename="Structs.c">
			<Option compilerVar="CC" />
		</Unit>
		<Unit filename="Structs.h" />
		<Unit filename="TextureLoading.c">
			<Option compilerVar="CC" />
		</Unit>
		<Unit filename="TextureLoading.h" />
		<Unit filename="UI.c">
			<Option compilerVar="CC" />
		</Unit>
		<Unit filename="UI.h" />
		<Unit filename="level.c">
			<Option compilerVar="CC" />
		</Unit>
		<Unit filename="level.h" />
		<Unit filename="main.c">
			<Option compilerVar="CC" />
		</Unit>
		<Extensions>
			<code_completion />
			<envvars />
			<debugger />
			<lib_finder disable_auto="1" />
		</Extensions>
	</Project>
</CodeBlocks_project_file>
